
Microsoft Visual Studio Solution File, Format Version 12.00
# Visual Studio Version 17
VisualStudioVersion = 17.6.33815.320
MinimumVisualStudioVersion = 10.0.40219.1
Project("{FAE04EC0-301F-11D3-BF4B-00C04F79EFBC}") = "MinimalApiFaculdade", "MinimalApiFaculdade\MinimalApiFaculdade.csproj", "{C632B6A1-B782-44AF-AB62-433DBC2CC31A}"
EndProject
Global
	GlobalSection(SolutionConfigurationPlatforms) = preSolution
		Debug|Any CPU = Debug|Any CPU
		Release|Any CPU = Release|Any CPU
	EndGlobalSection
	GlobalSection(ProjectConfigurationPlatforms) = postSolution
		{C632B6A1-B782-44AF-AB62-433DBC2CC31A}.Debug|Any CPU.ActiveCfg = Debug|Any CPU
		{C632B6A1-B782-44AF-AB62-433DBC2CC31A}.Debug|Any CPU.Build.0 = Debug|Any CPU
		{C632B6A1-B782-44AF-AB62-433DBC2CC31A}.Release|Any CPU.ActiveCfg = Release|Any CPU
		{C632B6A1-B782-44AF-AB62-433DBC2CC31A}.Release|Any CPU.Build.0 = Release|Any CPU
	EndGlobalSection
	GlobalSection(SolutionProperties) = preSolution
		HideSolutionNode = FALSE
	EndGlobalSection
	GlobalSection(ExtensibilityGlobals) = postSolution
		SolutionGuid = {A72C1833-3C48-4C9A-8578-7D974D0796A7}
	EndGlobalSection
EndGlobal
